{
  "lockfileVersion": 2,
  "configVersion": 1,
  "workspaces": {
    "": {
      "name": "fb-clean-my-feeds",
      "dependencies": {
        "idb-keyval": "~6.2.2",
      },
    },
  },
  "packages": {
    "idb-keyval": ["idb-keyval@6.2.6", "", {}, "sha512-FY64UEhw+5liMzMQ1R9Mw6AF0+wyBrg1CIA1z4CjI/EvT5ty/SvQcWZgd8s9sgaNhX10Y8UzScTh89tEAls5nA=="],
  }
}
