{
  "lockfileVersion": 2,
  "configVersion": 1,
  "workspaces": {
    "": {
      "name": "fb-clean-my-feeds",
      "dependencies": {
        "idb-keyval": "~6.3.0",
      },
    },
  },
  "packages": {
    "idb-keyval": ["idb-keyval@6.3.0", "", {}, "sha512-um+2dgAWmYsu615EXpWVwSmapJhON0G43t3Ka/EVaohzPQXSMqKEqeDK/oIW3Ow+BXaF2PvSc+oBTFp793A5Ow=="],
  }
}
